
Microsoft Visual Studio Solution File, Format Version 12.00
# Visual Studio Version 17
VisualStudioVersion = 17.6.33417.168
MinimumVisualStudioVersion = 10.0.40219.1
Project("{2150E333-8FDC-42A3-9474-1A3956D46DE8}") = "Api", "Api", "{84734185-F64B-44F8-A53D-27C9AFB4B9C8}"
EndProject
Project("{9A19103F-16F7-4668-BE54-9A1E7A4F7556}") = "Binacle.Net.Api", "Api\Binacle.Net.Api\Binacle.Net.Api.csproj", "{AE3E5ECD-B7D9-4EC3-953C-F1CD95C7D0D4}"
EndProject
Project("{2150E333-8FDC-42A3-9474-1A3956D46DE8}") = "Library", "Library", "{EBE1FF36-023B-4BFC-93C4-4DFB9C19CBCD}"
EndProject
Project("{9A19103F-16F7-4668-BE54-9A1E7A4F7556}") = "Binacle.Net.Lib", "Library\Binacle.Net.Lib\Binacle.Net.Lib.csproj", "{DC104286-5FE7-4060-8ABB-EF1F2B28FD14}"
EndProject
Project("{2150E333-8FDC-42A3-9474-1A3956D46DE8}") = "Tests", "Tests", "{9811251B-4BAE-4BBD-BDD5-DE6AC10DF58E}"
EndProject
Project("{9A19103F-16F7-4668-BE54-9A1E7A4F7556}") = "Binacle.Net.Lib.UnitTests", "Tests\Binacle.Net.Lib.UnitTests\Binacle.Net.Lib.UnitTests.csproj", "{26FBDCCD-AC62-4EEE-8DB7-AA2DC22014AE}"
EndProject
Project("{9A19103F-16F7-4668-BE54-9A1E7A4F7556}") = "Binacle.Net.Lib.Benchmarks", "Tests\Binacle.Net.Lib.Benchmarks\Binacle.Net.Lib.Benchmarks.csproj", "{8F594130-2C5F-4989-9564-2239F2A9B3D7}"
EndProject
Project("{9A19103F-16F7-4668-BE54-9A1E7A4F7556}") = "Binacle.Net.Lib.Tests", "Tests\Binacle.Net.Lib.Tests\Binacle.Net.Lib.Tests.csproj", "{D0DD5EE2-C6AF-4CF2-92D5-1D39995B31BD}"
EndProject
Project("{2150E333-8FDC-42A3-9474-1A3956D46DE8}") = "Documentation", "Documentation", "{7256ACAF-2309-4EA2-BF59-A399CC89D812}"
	ProjectSection(SolutionItems) = preProject
		README.md = README.md
	EndProjectSection
EndProject
Project("{2150E333-8FDC-42A3-9474-1A3956D46DE8}") = "Resources", "Resources", "{E27FF03C-A921-4A21-BED7-4B3F08B975FD}"
	ProjectSection(SolutionItems) = preProject
		.editorconfig = .editorconfig
	EndProjectSection
EndProject
Project("{2150E333-8FDC-42A3-9474-1A3956D46DE8}") = "Performance Results", "Performance Results", "{7440450A-0323-4A7D-B24C-2E00F92605FE}"
EndProject
Project("{2150E333-8FDC-42A3-9474-1A3956D46DE8}") = "Scaling Benchmarks", "Scaling Benchmarks", "{B27DB9A6-FA36-47A8-B3FE-3F503FAC7AE8}"
	ProjectSection(SolutionItems) = preProject
		Resources\Performance Results\Scaling Benchmarks\Initial Public Run.md = Resources\Performance Results\Scaling Benchmarks\Initial Public Run.md
	EndProjectSection
EndProject
Project("{2150E333-8FDC-42A3-9474-1A3956D46DE8}") = "Requests", "Requests", "{E22F4DA6-AC28-43CA-B4EB-9BC9C4BFF4A2}"
	ProjectSection(SolutionItems) = preProject
		Resources\Requests\http-client.env.json = Resources\Requests\http-client.env.json
		Resources\Requests\Binacle.Requests.http = Resources\Requests\Binacle.Requests.http
		Resources\Requests\Users.Requests.http = Resources\Requests\Users.Requests.http
		Resources\Requests\ServiceModule.Requests.http = Resources\Requests\ServiceModule.Requests.http
	EndProjectSection
EndProject
Project("{9A19103F-16F7-4668-BE54-9A1E7A4F7556}") = "ChrisMavrommatis", "Shared\ChrisMavrommatis\ChrisMavrommatis.csproj", "{CE104668-6A28-4A62-B5A2-5554986B1754}"
EndProject
Project("{9A19103F-16F7-4668-BE54-9A1E7A4F7556}") = "Binacle.Net.Api.ServiceModule", "Api\Binacle.Net.Api.ServiceModule\Binacle.Net.Api.ServiceModule.csproj", "{5A7B36F7-5C3D-4108-8D00-2A76FD847AD5}"
EndProject
Project("{2150E333-8FDC-42A3-9474-1A3956D46DE8}") = "Shared", "Shared", "{7FDF3FB1-2BFD-4A01-910D-D3C32B5F30AD}"
EndProject
Global
	GlobalSection(SolutionConfigurationPlatforms) = preSolution
		Debug|Any CPU = Debug|Any CPU
		Release|Any CPU = Release|Any CPU
	EndGlobalSection
	GlobalSection(ProjectConfigurationPlatforms) = postSolution
		{AE3E5ECD-B7D9-4EC3-953C-F1CD95C7D0D4}.Debug|Any CPU.ActiveCfg = Debug|Any CPU
		{AE3E5ECD-B7D9-4EC3-953C-F1CD95C7D0D4}.Debug|Any CPU.Build.0 = Debug|Any CPU
		{AE3E5ECD-B7D9-4EC3-953C-F1CD95C7D0D4}.Release|Any CPU.ActiveCfg = Release|Any CPU
		{AE3E5ECD-B7D9-4EC3-953C-F1CD95C7D0D4}.Release|Any CPU.Build.0 = Release|Any CPU
		{DC104286-5FE7-4060-8ABB-EF1F2B28FD14}.Debug|Any CPU.ActiveCfg = Debug|Any CPU
		{DC104286-5FE7-4060-8ABB-EF1F2B28FD14}.Debug|Any CPU.Build.0 = Debug|Any CPU
		{DC104286-5FE7-4060-8ABB-EF1F2B28FD14}.Release|Any CPU.ActiveCfg = Release|Any CPU
		{DC104286-5FE7-4060-8ABB-EF1F2B28FD14}.Release|Any CPU.Build.0 = Release|Any CPU
		{26FBDCCD-AC62-4EEE-8DB7-AA2DC22014AE}.Debug|Any CPU.ActiveCfg = Debug|Any CPU
		{26FBDCCD-AC62-4EEE-8DB7-AA2DC22014AE}.Debug|Any CPU.Build.0 = Debug|Any CPU
		{26FBDCCD-AC62-4EEE-8DB7-AA2DC22014AE}.Release|Any CPU.ActiveCfg = Release|Any CPU
		{26FBDCCD-AC62-4EEE-8DB7-AA2DC22014AE}.Release|Any CPU.Build.0 = Release|Any CPU
		{8F594130-2C5F-4989-9564-2239F2A9B3D7}.Debug|Any CPU.ActiveCfg = Debug|Any CPU
		{8F594130-2C5F-4989-9564-2239F2A9B3D7}.Debug|Any CPU.Build.0 = Debug|Any CPU
		{8F594130-2C5F-4989-9564-2239F2A9B3D7}.Release|Any CPU.ActiveCfg = Release|Any CPU
		{8F594130-2C5F-4989-9564-2239F2A9B3D7}.Release|Any CPU.Build.0 = Release|Any CPU
		{D0DD5EE2-C6AF-4CF2-92D5-1D39995B31BD}.Debug|Any CPU.ActiveCfg = Debug|Any CPU
		{D0DD5EE2-C6AF-4CF2-92D5-1D39995B31BD}.Debug|Any CPU.Build.0 = Debug|Any CPU
		{D0DD5EE2-C6AF-4CF2-92D5-1D39995B31BD}.Release|Any CPU.ActiveCfg = Release|Any CPU
		{D0DD5EE2-C6AF-4CF2-92D5-1D39995B31BD}.Release|Any CPU.Build.0 = Release|Any CPU
		{CE104668-6A28-4A62-B5A2-5554986B1754}.Debug|Any CPU.ActiveCfg = Debug|Any CPU
		{CE104668-6A28-4A62-B5A2-5554986B1754}.Debug|Any CPU.Build.0 = Debug|Any CPU
		{CE104668-6A28-4A62-B5A2-5554986B1754}.Release|Any CPU.ActiveCfg = Release|Any CPU
		{CE104668-6A28-4A62-B5A2-5554986B1754}.Release|Any CPU.Build.0 = Release|Any CPU
		{5A7B36F7-5C3D-4108-8D00-2A76FD847AD5}.Debug|Any CPU.ActiveCfg = Debug|Any CPU
		{5A7B36F7-5C3D-4108-8D00-2A76FD847AD5}.Debug|Any CPU.Build.0 = Debug|Any CPU
		{5A7B36F7-5C3D-4108-8D00-2A76FD847AD5}.Release|Any CPU.ActiveCfg = Release|Any CPU
		{5A7B36F7-5C3D-4108-8D00-2A76FD847AD5}.Release|Any CPU.Build.0 = Release|Any CPU
	EndGlobalSection
	GlobalSection(SolutionProperties) = preSolution
		HideSolutionNode = FALSE
	EndGlobalSection
	GlobalSection(NestedProjects) = preSolution
		{AE3E5ECD-B7D9-4EC3-953C-F1CD95C7D0D4} = {84734185-F64B-44F8-A53D-27C9AFB4B9C8}
		{DC104286-5FE7-4060-8ABB-EF1F2B28FD14} = {EBE1FF36-023B-4BFC-93C4-4DFB9C19CBCD}
		{26FBDCCD-AC62-4EEE-8DB7-AA2DC22014AE} = {9811251B-4BAE-4BBD-BDD5-DE6AC10DF58E}
		{8F594130-2C5F-4989-9564-2239F2A9B3D7} = {9811251B-4BAE-4BBD-BDD5-DE6AC10DF58E}
		{D0DD5EE2-C6AF-4CF2-92D5-1D39995B31BD} = {9811251B-4BAE-4BBD-BDD5-DE6AC10DF58E}
		{7256ACAF-2309-4EA2-BF59-A399CC89D812} = {E27FF03C-A921-4A21-BED7-4B3F08B975FD}
		{7440450A-0323-4A7D-B24C-2E00F92605FE} = {E27FF03C-A921-4A21-BED7-4B3F08B975FD}
		{B27DB9A6-FA36-47A8-B3FE-3F503FAC7AE8} = {7440450A-0323-4A7D-B24C-2E00F92605FE}
		{E22F4DA6-AC28-43CA-B4EB-9BC9C4BFF4A2} = {E27FF03C-A921-4A21-BED7-4B3F08B975FD}
		{CE104668-6A28-4A62-B5A2-5554986B1754} = {7FDF3FB1-2BFD-4A01-910D-D3C32B5F30AD}
		{5A7B36F7-5C3D-4108-8D00-2A76FD847AD5} = {84734185-F64B-44F8-A53D-27C9AFB4B9C8}
	EndGlobalSection
	GlobalSection(ExtensibilityGlobals) = postSolution
		SolutionGuid = {A5D69F33-D984-4971-9197-3A82735FFD13}
	EndGlobalSection
EndGlobal
