
Microsoft Visual Studio Solution File, Format Version 12.00
# Visual Studio Version 17
VisualStudioVersion = 17.6.33417.168
MinimumVisualStudioVersion = 10.0.40219.1
Project("{9A19103F-16F7-4668-BE54-9A1E7A4F7556}") = "Binacle.Api", "Binacle.Api\Binacle.Api.csproj", "{AE3E5ECD-B7D9-4EC3-953C-F1CD95C7D0D4}"
EndProject
Project("{9A19103F-16F7-4668-BE54-9A1E7A4F7556}") = "Binacle.Api.Components", "Binacle.Api.Components\Binacle.Api.Components.csproj", "{50B96764-8F1B-41F6-AC39-02A3F898D6B8}"
EndProject
Project("{9A19103F-16F7-4668-BE54-9A1E7A4F7556}") = "Binacle.Api.BoxNow", "Binacle.Api.BoxNow\Binacle.Api.BoxNow.csproj", "{EA84C3C5-845B-46FB-A5A5-2B6A8972D4AE}"
EndProject
Project("{2150E333-8FDC-42A3-9474-1A3956D46DE8}") = "Api", "Api", "{84734185-F64B-44F8-A53D-27C9AFB4B9C8}"
EndProject
Project("{2150E333-8FDC-42A3-9474-1A3956D46DE8}") = "ApiProviders", "ApiProviders", "{B93B15CC-ACB4-4DB0-89F7-EFA05EFDB829}"
EndProject
Project("{2150E333-8FDC-42A3-9474-1A3956D46DE8}") = "Library", "Library", "{EBE1FF36-023B-4BFC-93C4-4DFB9C19CBCD}"
EndProject
Project("{FAE04EC0-301F-11D3-BF4B-00C04F79EFBC}") = "Binacle.Lib", "Binacle.Lib\Binacle.Lib.csproj", "{DC104286-5FE7-4060-8ABB-EF1F2B28FD14}"
EndProject
Project("{FAE04EC0-301F-11D3-BF4B-00C04F79EFBC}") = "Binacle.Lib.Components", "Binacle.Lib.Components\Binacle.Lib.Components.csproj", "{75EC5DC1-8A28-42CB-989D-B76E23F5BC8F}"
EndProject
Global
	GlobalSection(SolutionConfigurationPlatforms) = preSolution
		Debug|Any CPU = Debug|Any CPU
		Release|Any CPU = Release|Any CPU
	EndGlobalSection
	GlobalSection(ProjectConfigurationPlatforms) = postSolution
		{AE3E5ECD-B7D9-4EC3-953C-F1CD95C7D0D4}.Debug|Any CPU.ActiveCfg = Debug|Any CPU
		{AE3E5ECD-B7D9-4EC3-953C-F1CD95C7D0D4}.Debug|Any CPU.Build.0 = Debug|Any CPU
		{AE3E5ECD-B7D9-4EC3-953C-F1CD95C7D0D4}.Release|Any CPU.ActiveCfg = Release|Any CPU
		{AE3E5ECD-B7D9-4EC3-953C-F1CD95C7D0D4}.Release|Any CPU.Build.0 = Release|Any CPU
		{50B96764-8F1B-41F6-AC39-02A3F898D6B8}.Debug|Any CPU.ActiveCfg = Debug|Any CPU
		{50B96764-8F1B-41F6-AC39-02A3F898D6B8}.Debug|Any CPU.Build.0 = Debug|Any CPU
		{50B96764-8F1B-41F6-AC39-02A3F898D6B8}.Release|Any CPU.ActiveCfg = Release|Any CPU
		{50B96764-8F1B-41F6-AC39-02A3F898D6B8}.Release|Any CPU.Build.0 = Release|Any CPU
		{EA84C3C5-845B-46FB-A5A5-2B6A8972D4AE}.Debug|Any CPU.ActiveCfg = Debug|Any CPU
		{EA84C3C5-845B-46FB-A5A5-2B6A8972D4AE}.Debug|Any CPU.Build.0 = Debug|Any CPU
		{EA84C3C5-845B-46FB-A5A5-2B6A8972D4AE}.Release|Any CPU.ActiveCfg = Release|Any CPU
		{EA84C3C5-845B-46FB-A5A5-2B6A8972D4AE}.Release|Any CPU.Build.0 = Release|Any CPU
		{DC104286-5FE7-4060-8ABB-EF1F2B28FD14}.Debug|Any CPU.ActiveCfg = Debug|Any CPU
		{DC104286-5FE7-4060-8ABB-EF1F2B28FD14}.Debug|Any CPU.Build.0 = Debug|Any CPU
		{DC104286-5FE7-4060-8ABB-EF1F2B28FD14}.Release|Any CPU.ActiveCfg = Release|Any CPU
		{DC104286-5FE7-4060-8ABB-EF1F2B28FD14}.Release|Any CPU.Build.0 = Release|Any CPU
		{75EC5DC1-8A28-42CB-989D-B76E23F5BC8F}.Debug|Any CPU.ActiveCfg = Debug|Any CPU
		{75EC5DC1-8A28-42CB-989D-B76E23F5BC8F}.Debug|Any CPU.Build.0 = Debug|Any CPU
		{75EC5DC1-8A28-42CB-989D-B76E23F5BC8F}.Release|Any CPU.ActiveCfg = Release|Any CPU
		{75EC5DC1-8A28-42CB-989D-B76E23F5BC8F}.Release|Any CPU.Build.0 = Release|Any CPU
	EndGlobalSection
	GlobalSection(SolutionProperties) = preSolution
		HideSolutionNode = FALSE
	EndGlobalSection
	GlobalSection(NestedProjects) = preSolution
		{AE3E5ECD-B7D9-4EC3-953C-F1CD95C7D0D4} = {84734185-F64B-44F8-A53D-27C9AFB4B9C8}
		{50B96764-8F1B-41F6-AC39-02A3F898D6B8} = {84734185-F64B-44F8-A53D-27C9AFB4B9C8}
		{EA84C3C5-845B-46FB-A5A5-2B6A8972D4AE} = {B93B15CC-ACB4-4DB0-89F7-EFA05EFDB829}
		{DC104286-5FE7-4060-8ABB-EF1F2B28FD14} = {EBE1FF36-023B-4BFC-93C4-4DFB9C19CBCD}
		{75EC5DC1-8A28-42CB-989D-B76E23F5BC8F} = {EBE1FF36-023B-4BFC-93C4-4DFB9C19CBCD}
	EndGlobalSection
	GlobalSection(ExtensibilityGlobals) = postSolution
		SolutionGuid = {A5D69F33-D984-4971-9197-3A82735FFD13}
	EndGlobalSection
EndGlobal
