Microsoft Visual Studio Solution File, Format Version 12.00
# Visual Studio Version 17
VisualStudioVersion = 17.6.33417.168
MinimumVisualStudioVersion = 10.0.40219.1
Project("{2150E333-8FDC-42A3-9474-1A3956D46DE8}") = "src", "src", "{AF3732DE-2A08-4636-9087-2C070CDF67F8}"
EndProject
Project("{2150E333-8FDC-42A3-9474-1A3956D46DE8}") = "test", "test", "{33E52B99-426D-45F3-A663-E34A612626B0}"
EndProject
Project("{2150E333-8FDC-42A3-9474-1A3956D46DE8}") = "dep", "dep", "{5EE822B0-B4A4-43DF-8967-91D3CFC190F8}"
EndProject
Project("{2150E333-8FDC-42A3-9474-1A3956D46DE8}") = "doc", "doc", "{88EC1702-D375-496F-B26A-384DBEA8E0AA}"
EndProject
Project("{2150E333-8FDC-42A3-9474-1A3956D46DE8}") = "res", "res", "{D91D976D-F7CC-4AEF-B942-5B5EE97832F7}"
	ProjectSection(SolutionItems) = preProject
		res\Binacle.Requests.http = res\Binacle.Requests.http
		res\http-client.env.json = res\http-client.env.json
		res\ServiceModule.Requests.http = res\ServiceModule.Requests.http
		res\Users.Requests.http = res\Users.Requests.http
	EndProjectSection
EndProject
Project("{2150E333-8FDC-42A3-9474-1A3956D46DE8}") = "_root", "_root", "{609E09F8-5B9D-4E2B-AA35-A208DFFFF1FE}"
	ProjectSection(SolutionItems) = preProject
		.editorconfig = .editorconfig
		.gitignore = .gitignore
		Dockerfile = Dockerfile
		LICENSE = LICENSE
		Nuget.config = Nuget.config
		README.md = README.md
	EndProjectSection
EndProject
Project("{2150E333-8FDC-42A3-9474-1A3956D46DE8}") = "Performance Results", "Performance Results", "{01D68A21-EB78-4CAD-98BC-92632BE3080A}"
EndProject
Project("{2150E333-8FDC-42A3-9474-1A3956D46DE8}") = "Scaling Benchmarks", "Scaling Benchmarks", "{4A3E586B-D272-444E-BD81-8D5960084A02}"
	ProjectSection(SolutionItems) = preProject
		doc\Performance Results\Scaling Benchmarks\2024-04-12.md = doc\Performance Results\Scaling Benchmarks\2024-04-12.md
		doc\Performance Results\Scaling Benchmarks\Initial Public Run.md = doc\Performance Results\Scaling Benchmarks\Initial Public Run.md
	EndProjectSection
EndProject
Project("{9A19103F-16F7-4668-BE54-9A1E7A4F7556}") = "Binacle.Net.Lib", "src\Binacle.Net.Lib\Binacle.Net.Lib.csproj", "{231D1EB6-7755-4AE5-BC5D-AFE071C1B10D}"
EndProject
Project("{9A19103F-16F7-4668-BE54-9A1E7A4F7556}") = "Binacle.Net.Lib.Abstractions", "src\Binacle.Net.Lib.Abstractions\Binacle.Net.Lib.Abstractions.csproj", "{2E28813F-4DF6-43BD-BD40-D049F508430F}"
EndProject
Project("{9A19103F-16F7-4668-BE54-9A1E7A4F7556}") = "Binacle.Net.Api", "src\Binacle.Net.Api\Binacle.Net.Api.csproj", "{7645D2E0-69FF-42BD-A6C3-C527E2472E15}"
EndProject
Project("{9A19103F-16F7-4668-BE54-9A1E7A4F7556}") = "Binacle.Net.Api.ServiceModule", "src\Binacle.Net.Api.ServiceModule\Binacle.Net.Api.ServiceModule.csproj", "{217F952B-6689-4284-83B3-07251CB5AB2F}"
EndProject
Project("{9A19103F-16F7-4668-BE54-9A1E7A4F7556}") = "Binacle.Net.TestsKernel", "test\Binacle.Net.TestsKernel\Binacle.Net.TestsKernel.csproj", "{198E9FA1-54ED-44D3-9DBE-49CBBA785833}"
EndProject
Project("{9A19103F-16F7-4668-BE54-9A1E7A4F7556}") = "Binacle.Net.Lib.UnitTests", "test\Binacle.Net.Lib.UnitTests\Binacle.Net.Lib.UnitTests.csproj", "{F2367457-E8A0-42BE-A64B-DF12621B9CBA}"
EndProject
Project("{9A19103F-16F7-4668-BE54-9A1E7A4F7556}") = "Binacle.Net.Lib.Benchmarks", "test\Binacle.Net.Lib.Benchmarks\Binacle.Net.Lib.Benchmarks.csproj", "{E07A46C2-5FAE-4373-AA86-FF95FA5BCBD1}"
EndProject
Project("{9A19103F-16F7-4668-BE54-9A1E7A4F7556}") = "Binacle.Net.Api.IntegrationTests", "test\Binacle.Net.Api.IntegrationTests\Binacle.Net.Api.IntegrationTests.csproj", "{A987C6F6-D895-467B-BA8C-CBF86F4BFC3F}"
EndProject
Project("{9A19103F-16F7-4668-BE54-9A1E7A4F7556}") = "Binacle.Net.Api.ServiceIntegrationTests", "test\Binacle.Net.Api.ServiceIntegrationTests\Binacle.Net.Api.ServiceIntegrationTests.csproj", "{0987E640-1DFA-4176-90F0-339907209288}"
EndProject
Project("{9A19103F-16F7-4668-BE54-9A1E7A4F7556}") = "ChrisMavrommatis.Swashbuckle", "dep\ChrisMavrommatis.Swashbuckle\ChrisMavrommatis.Swashbuckle.csproj", "{882F3C14-EAC8-4D7D-881B-61A6663E38B6}"
EndProject
Project("{9A19103F-16F7-4668-BE54-9A1E7A4F7556}") = "ChrisMavrommatis.FluentValidation", "dep\ChrisMavrommatis.FluentValidation\ChrisMavrommatis.FluentValidation.csproj", "{3ADB3BA2-ADB3-4D6C-8276-15CB5D0F708B}"
EndProject
Project("{9A19103F-16F7-4668-BE54-9A1E7A4F7556}") = "ChrisMavrommatis.Logging", "dep\ChrisMavrommatis.Logging\ChrisMavrommatis.Logging.csproj", "{F5BE53E9-DCBB-4C26-9B7D-21A475C132CD}"
EndProject
Project("{9A19103F-16F7-4668-BE54-9A1E7A4F7556}") = "Binacle.Net.Api.ServiceModule.Infrastructure", "src\Binacle.Net.Api.ServiceModule.Infrastructure\Binacle.Net.Api.ServiceModule.Infrastructure.csproj", "{325E39DF-D285-4400-905B-C5CFCB858829}"
EndProject
Project("{9A19103F-16F7-4668-BE54-9A1E7A4F7556}") = "Binacle.Net.Api.ServiceModule.Infrastructure.AzureTables", "src\Binacle.Net.Api.ServiceModule.Infrastructure.AzureTables\Binacle.Net.Api.ServiceModule.Infrastructure.AzureTables.csproj", "{7053062D-E3AA-492E-B409-7F7D868ED6D9}"
EndProject
Project("{9A19103F-16F7-4668-BE54-9A1E7A4F7556}") = "Binacle.Net.Api.ServiceModule.Domain", "src\Binacle.Net.Api.ServiceModule.Domain\Binacle.Net.Api.ServiceModule.Domain.csproj", "{08F20ED6-CB4C-4FDB-AF84-6793A0D7CD1A}"
EndProject
Project("{9A19103F-16F7-4668-BE54-9A1E7A4F7556}") = "Binacle.Net.Api.Kernel", "src\Binacle.Net.Api.Kernel\Binacle.Net.Api.Kernel.csproj", "{2ED5D14B-56C3-40A8-88F0-0BC88C95BA2D}"
EndProject
Project("{9A19103F-16F7-4668-BE54-9A1E7A4F7556}") = "Binacle.Net.Api.UIModule", "src\Binacle.Net.Api.UIModule\Binacle.Net.Api.UIModule.csproj", "{3020B942-5FCA-4821-B425-B1CF76C5BE85}"
EndProject
Global
	GlobalSection(SolutionConfigurationPlatforms) = preSolution
		Debug|Any CPU = Debug|Any CPU
		Release|Any CPU = Release|Any CPU
	EndGlobalSection
	GlobalSection(ProjectConfigurationPlatforms) = postSolution
		{231D1EB6-7755-4AE5-BC5D-AFE071C1B10D}.Debug|Any CPU.ActiveCfg = Debug|Any CPU
		{231D1EB6-7755-4AE5-BC5D-AFE071C1B10D}.Debug|Any CPU.Build.0 = Debug|Any CPU
		{231D1EB6-7755-4AE5-BC5D-AFE071C1B10D}.Release|Any CPU.ActiveCfg = Release|Any CPU
		{231D1EB6-7755-4AE5-BC5D-AFE071C1B10D}.Release|Any CPU.Build.0 = Release|Any CPU
		{2E28813F-4DF6-43BD-BD40-D049F508430F}.Debug|Any CPU.ActiveCfg = Debug|Any CPU
		{2E28813F-4DF6-43BD-BD40-D049F508430F}.Debug|Any CPU.Build.0 = Debug|Any CPU
		{2E28813F-4DF6-43BD-BD40-D049F508430F}.Release|Any CPU.ActiveCfg = Release|Any CPU
		{2E28813F-4DF6-43BD-BD40-D049F508430F}.Release|Any CPU.Build.0 = Release|Any CPU
		{7645D2E0-69FF-42BD-A6C3-C527E2472E15}.Debug|Any CPU.ActiveCfg = Debug|Any CPU
		{7645D2E0-69FF-42BD-A6C3-C527E2472E15}.Debug|Any CPU.Build.0 = Debug|Any CPU
		{7645D2E0-69FF-42BD-A6C3-C527E2472E15}.Release|Any CPU.ActiveCfg = Release|Any CPU
		{7645D2E0-69FF-42BD-A6C3-C527E2472E15}.Release|Any CPU.Build.0 = Release|Any CPU
		{217F952B-6689-4284-83B3-07251CB5AB2F}.Debug|Any CPU.ActiveCfg = Debug|Any CPU
		{217F952B-6689-4284-83B3-07251CB5AB2F}.Debug|Any CPU.Build.0 = Debug|Any CPU
		{217F952B-6689-4284-83B3-07251CB5AB2F}.Release|Any CPU.ActiveCfg = Release|Any CPU
		{217F952B-6689-4284-83B3-07251CB5AB2F}.Release|Any CPU.Build.0 = Release|Any CPU
		{198E9FA1-54ED-44D3-9DBE-49CBBA785833}.Debug|Any CPU.ActiveCfg = Debug|Any CPU
		{198E9FA1-54ED-44D3-9DBE-49CBBA785833}.Debug|Any CPU.Build.0 = Debug|Any CPU
		{198E9FA1-54ED-44D3-9DBE-49CBBA785833}.Release|Any CPU.ActiveCfg = Release|Any CPU
		{198E9FA1-54ED-44D3-9DBE-49CBBA785833}.Release|Any CPU.Build.0 = Release|Any CPU
		{F2367457-E8A0-42BE-A64B-DF12621B9CBA}.Debug|Any CPU.ActiveCfg = Debug|Any CPU
		{F2367457-E8A0-42BE-A64B-DF12621B9CBA}.Debug|Any CPU.Build.0 = Debug|Any CPU
		{F2367457-E8A0-42BE-A64B-DF12621B9CBA}.Release|Any CPU.ActiveCfg = Release|Any CPU
		{F2367457-E8A0-42BE-A64B-DF12621B9CBA}.Release|Any CPU.Build.0 = Release|Any CPU
		{E07A46C2-5FAE-4373-AA86-FF95FA5BCBD1}.Debug|Any CPU.ActiveCfg = Debug|Any CPU
		{E07A46C2-5FAE-4373-AA86-FF95FA5BCBD1}.Debug|Any CPU.Build.0 = Debug|Any CPU
		{E07A46C2-5FAE-4373-AA86-FF95FA5BCBD1}.Release|Any CPU.ActiveCfg = Release|Any CPU
		{E07A46C2-5FAE-4373-AA86-FF95FA5BCBD1}.Release|Any CPU.Build.0 = Release|Any CPU
		{A987C6F6-D895-467B-BA8C-CBF86F4BFC3F}.Debug|Any CPU.ActiveCfg = Debug|Any CPU
		{A987C6F6-D895-467B-BA8C-CBF86F4BFC3F}.Debug|Any CPU.Build.0 = Debug|Any CPU
		{A987C6F6-D895-467B-BA8C-CBF86F4BFC3F}.Release|Any CPU.ActiveCfg = Release|Any CPU
		{A987C6F6-D895-467B-BA8C-CBF86F4BFC3F}.Release|Any CPU.Build.0 = Release|Any CPU
		{0987E640-1DFA-4176-90F0-339907209288}.Debug|Any CPU.ActiveCfg = Debug|Any CPU
		{0987E640-1DFA-4176-90F0-339907209288}.Debug|Any CPU.Build.0 = Debug|Any CPU
		{0987E640-1DFA-4176-90F0-339907209288}.Release|Any CPU.ActiveCfg = Release|Any CPU
		{0987E640-1DFA-4176-90F0-339907209288}.Release|Any CPU.Build.0 = Release|Any CPU
		{882F3C14-EAC8-4D7D-881B-61A6663E38B6}.Debug|Any CPU.ActiveCfg = Debug|Any CPU
		{882F3C14-EAC8-4D7D-881B-61A6663E38B6}.Debug|Any CPU.Build.0 = Debug|Any CPU
		{882F3C14-EAC8-4D7D-881B-61A6663E38B6}.Release|Any CPU.ActiveCfg = Release|Any CPU
		{882F3C14-EAC8-4D7D-881B-61A6663E38B6}.Release|Any CPU.Build.0 = Release|Any CPU
		{3ADB3BA2-ADB3-4D6C-8276-15CB5D0F708B}.Debug|Any CPU.ActiveCfg = Debug|Any CPU
		{3ADB3BA2-ADB3-4D6C-8276-15CB5D0F708B}.Debug|Any CPU.Build.0 = Debug|Any CPU
		{3ADB3BA2-ADB3-4D6C-8276-15CB5D0F708B}.Release|Any CPU.ActiveCfg = Release|Any CPU
		{3ADB3BA2-ADB3-4D6C-8276-15CB5D0F708B}.Release|Any CPU.Build.0 = Release|Any CPU
		{F5BE53E9-DCBB-4C26-9B7D-21A475C132CD}.Debug|Any CPU.ActiveCfg = Debug|Any CPU
		{F5BE53E9-DCBB-4C26-9B7D-21A475C132CD}.Debug|Any CPU.Build.0 = Debug|Any CPU
		{F5BE53E9-DCBB-4C26-9B7D-21A475C132CD}.Release|Any CPU.ActiveCfg = Release|Any CPU
		{F5BE53E9-DCBB-4C26-9B7D-21A475C132CD}.Release|Any CPU.Build.0 = Release|Any CPU
		{325E39DF-D285-4400-905B-C5CFCB858829}.Debug|Any CPU.ActiveCfg = Debug|Any CPU
		{325E39DF-D285-4400-905B-C5CFCB858829}.Debug|Any CPU.Build.0 = Debug|Any CPU
		{325E39DF-D285-4400-905B-C5CFCB858829}.Release|Any CPU.ActiveCfg = Release|Any CPU
		{325E39DF-D285-4400-905B-C5CFCB858829}.Release|Any CPU.Build.0 = Release|Any CPU
		{7053062D-E3AA-492E-B409-7F7D868ED6D9}.Debug|Any CPU.ActiveCfg = Debug|Any CPU
		{7053062D-E3AA-492E-B409-7F7D868ED6D9}.Debug|Any CPU.Build.0 = Debug|Any CPU
		{7053062D-E3AA-492E-B409-7F7D868ED6D9}.Release|Any CPU.ActiveCfg = Release|Any CPU
		{7053062D-E3AA-492E-B409-7F7D868ED6D9}.Release|Any CPU.Build.0 = Release|Any CPU
		{08F20ED6-CB4C-4FDB-AF84-6793A0D7CD1A}.Debug|Any CPU.ActiveCfg = Debug|Any CPU
		{08F20ED6-CB4C-4FDB-AF84-6793A0D7CD1A}.Debug|Any CPU.Build.0 = Debug|Any CPU
		{08F20ED6-CB4C-4FDB-AF84-6793A0D7CD1A}.Release|Any CPU.ActiveCfg = Release|Any CPU
		{08F20ED6-CB4C-4FDB-AF84-6793A0D7CD1A}.Release|Any CPU.Build.0 = Release|Any CPU
		{2ED5D14B-56C3-40A8-88F0-0BC88C95BA2D}.Debug|Any CPU.ActiveCfg = Debug|Any CPU
		{2ED5D14B-56C3-40A8-88F0-0BC88C95BA2D}.Debug|Any CPU.Build.0 = Debug|Any CPU
		{2ED5D14B-56C3-40A8-88F0-0BC88C95BA2D}.Release|Any CPU.ActiveCfg = Release|Any CPU
		{2ED5D14B-56C3-40A8-88F0-0BC88C95BA2D}.Release|Any CPU.Build.0 = Release|Any CPU
		{3020B942-5FCA-4821-B425-B1CF76C5BE85}.Debug|Any CPU.ActiveCfg = Debug|Any CPU
		{3020B942-5FCA-4821-B425-B1CF76C5BE85}.Debug|Any CPU.Build.0 = Debug|Any CPU
		{3020B942-5FCA-4821-B425-B1CF76C5BE85}.Release|Any CPU.ActiveCfg = Release|Any CPU
		{3020B942-5FCA-4821-B425-B1CF76C5BE85}.Release|Any CPU.Build.0 = Release|Any CPU
	EndGlobalSection
	GlobalSection(SolutionProperties) = preSolution
		HideSolutionNode = FALSE
	EndGlobalSection
	GlobalSection(NestedProjects) = preSolution
		{01D68A21-EB78-4CAD-98BC-92632BE3080A} = {88EC1702-D375-496F-B26A-384DBEA8E0AA}
		{4A3E586B-D272-444E-BD81-8D5960084A02} = {01D68A21-EB78-4CAD-98BC-92632BE3080A}
		{231D1EB6-7755-4AE5-BC5D-AFE071C1B10D} = {AF3732DE-2A08-4636-9087-2C070CDF67F8}
		{2E28813F-4DF6-43BD-BD40-D049F508430F} = {AF3732DE-2A08-4636-9087-2C070CDF67F8}
		{7645D2E0-69FF-42BD-A6C3-C527E2472E15} = {AF3732DE-2A08-4636-9087-2C070CDF67F8}
		{217F952B-6689-4284-83B3-07251CB5AB2F} = {AF3732DE-2A08-4636-9087-2C070CDF67F8}
		{198E9FA1-54ED-44D3-9DBE-49CBBA785833} = {33E52B99-426D-45F3-A663-E34A612626B0}
		{F2367457-E8A0-42BE-A64B-DF12621B9CBA} = {33E52B99-426D-45F3-A663-E34A612626B0}
		{E07A46C2-5FAE-4373-AA86-FF95FA5BCBD1} = {33E52B99-426D-45F3-A663-E34A612626B0}
		{A987C6F6-D895-467B-BA8C-CBF86F4BFC3F} = {33E52B99-426D-45F3-A663-E34A612626B0}
		{0987E640-1DFA-4176-90F0-339907209288} = {33E52B99-426D-45F3-A663-E34A612626B0}
		{882F3C14-EAC8-4D7D-881B-61A6663E38B6} = {5EE822B0-B4A4-43DF-8967-91D3CFC190F8}
		{3ADB3BA2-ADB3-4D6C-8276-15CB5D0F708B} = {5EE822B0-B4A4-43DF-8967-91D3CFC190F8}
		{F5BE53E9-DCBB-4C26-9B7D-21A475C132CD} = {5EE822B0-B4A4-43DF-8967-91D3CFC190F8}
		{325E39DF-D285-4400-905B-C5CFCB858829} = {AF3732DE-2A08-4636-9087-2C070CDF67F8}
		{7053062D-E3AA-492E-B409-7F7D868ED6D9} = {AF3732DE-2A08-4636-9087-2C070CDF67F8}
		{08F20ED6-CB4C-4FDB-AF84-6793A0D7CD1A} = {AF3732DE-2A08-4636-9087-2C070CDF67F8}
		{2ED5D14B-56C3-40A8-88F0-0BC88C95BA2D} = {AF3732DE-2A08-4636-9087-2C070CDF67F8}
		{3020B942-5FCA-4821-B425-B1CF76C5BE85} = {AF3732DE-2A08-4636-9087-2C070CDF67F8}
	EndGlobalSection
	GlobalSection(ExtensibilityGlobals) = postSolution
		SolutionGuid = {A5D69F33-D984-4971-9197-3A82735FFD13}
	EndGlobalSection
EndGlobal
