{
  "name": "binacle-net",
  "version": "2.0.1",
  "lockfileVersion": 3,
  "requires": true,
  "packages": {
    "": {
      "name": "binacle-net",
      "version": "2.0.1",
      "license": "GPL-3.0 AND CC-BY-SA-4.0",
      "workspaces": [
        "packages/*"
      ]
    },
    "node_modules/cookies": {
      "resolved": "packages/cookies",
      "link": true
    },
    "node_modules/theme-switcher": {
      "resolved": "packages/theme-switcher",
      "link": true
    },
    "packages/cookies": {
      "version": "0.0.0"
    },
    "packages/theme-switcher": {
      "version": "0.0.0"
    }
  }
}
